
Microsoft Visual Studio Solution File, Format Version 12.00
# Visual Studio Version 17
VisualStudioVersion = 17.9.34728.123
MinimumVisualStudioVersion = 10.0.40219.1
Project("{FAE04EC0-301F-11D3-BF4B-00C04F79EFBC}") = "PRN232-Ebay-Buyer", "PRN232-Ebay-Buyer\PRN232-Ebay-Buyer.csproj", "{660E5CE0-6716-40C9-9125-7625D9A83212}"
EndProject
Global
	GlobalSection(SolutionConfigurationPlatforms) = preSolution
		Debug|Any CPU = Debug|Any CPU
		Release|Any CPU = Release|Any CPU
	EndGlobalSection
	GlobalSection(ProjectConfigurationPlatforms) = postSolution
		{660E5CE0-6716-40C9-9125-7625D9A83212}.Debug|Any CPU.ActiveCfg = Debug|Any CPU
		{660E5CE0-6716-40C9-9125-7625D9A83212}.Debug|Any CPU.Build.0 = Debug|Any CPU
		{660E5CE0-6716-40C9-9125-7625D9A83212}.Release|Any CPU.ActiveCfg = Release|Any CPU
		{660E5CE0-6716-40C9-9125-7625D9A83212}.Release|Any CPU.Build.0 = Release|Any CPU
	EndGlobalSection
	GlobalSection(SolutionProperties) = preSolution
		HideSolutionNode = FALSE
	EndGlobalSection
	GlobalSection(ExtensibilityGlobals) = postSolution
		SolutionGuid = {D542BF89-DAF8-4B24-9232-B9410C2E7E9C}
	EndGlobalSection
EndGlobal
